
Microsoft Visual Studio Solution File, Format Version 12.00
# Visual Studio Version 17
VisualStudioVersion = 17.7.34018.315
MinimumVisualStudioVersion = 10.0.40219.1
Project("{9A19103F-16F7-4668-BE54-9A1E7A4F7556}") = "Library.Api", "Locadora.API\Library.Api.csproj", "{AC0E3FE8-9C49-4539-A6A8-1D572EDA2EA0}"
	ProjectSection(ProjectDependencies) = postProject
		{0945B552-76B1-4077-89E2-040CE7535BF3} = {0945B552-76B1-4077-89E2-040CE7535BF3}
		{F0F22C85-EE17-4B87-88F9-6BEC438C89DD} = {F0F22C85-EE17-4B87-88F9-6BEC438C89DD}
	EndProjectSection
EndProject
Project("{FAE04EC0-301F-11D3-BF4B-00C04F79EFBC}") = "Library.Data", "Library.Data\Library.Data.csproj", "{0945B552-76B1-4077-89E2-040CE7535BF3}"
	ProjectSection(ProjectDependencies) = postProject
		{F0F22C85-EE17-4B87-88F9-6BEC438C89DD} = {F0F22C85-EE17-4B87-88F9-6BEC438C89DD}
	EndProjectSection
EndProject
Project("{FAE04EC0-301F-11D3-BF4B-00C04F79EFBC}") = "Library.Business", "Library.Business\Library.Business.csproj", "{F0F22C85-EE17-4B87-88F9-6BEC438C89DD}"
EndProject
Global
	GlobalSection(SolutionConfigurationPlatforms) = preSolution
		Debug|Any CPU = Debug|Any CPU
		Release|Any CPU = Release|Any CPU
	EndGlobalSection
	GlobalSection(ProjectConfigurationPlatforms) = postSolution
		{AC0E3FE8-9C49-4539-A6A8-1D572EDA2EA0}.Debug|Any CPU.ActiveCfg = Debug|Any CPU
		{AC0E3FE8-9C49-4539-A6A8-1D572EDA2EA0}.Debug|Any CPU.Build.0 = Debug|Any CPU
		{AC0E3FE8-9C49-4539-A6A8-1D572EDA2EA0}.Release|Any CPU.ActiveCfg = Release|Any CPU
		{AC0E3FE8-9C49-4539-A6A8-1D572EDA2EA0}.Release|Any CPU.Build.0 = Release|Any CPU
		{0945B552-76B1-4077-89E2-040CE7535BF3}.Debug|Any CPU.ActiveCfg = Debug|Any CPU
		{0945B552-76B1-4077-89E2-040CE7535BF3}.Debug|Any CPU.Build.0 = Debug|Any CPU
		{0945B552-76B1-4077-89E2-040CE7535BF3}.Release|Any CPU.ActiveCfg = Release|Any CPU
		{0945B552-76B1-4077-89E2-040CE7535BF3}.Release|Any CPU.Build.0 = Release|Any CPU
		{F0F22C85-EE17-4B87-88F9-6BEC438C89DD}.Debug|Any CPU.ActiveCfg = Debug|Any CPU
		{F0F22C85-EE17-4B87-88F9-6BEC438C89DD}.Debug|Any CPU.Build.0 = Debug|Any CPU
		{F0F22C85-EE17-4B87-88F9-6BEC438C89DD}.Release|Any CPU.ActiveCfg = Release|Any CPU
		{F0F22C85-EE17-4B87-88F9-6BEC438C89DD}.Release|Any CPU.Build.0 = Release|Any CPU
	EndGlobalSection
	GlobalSection(SolutionProperties) = preSolution
		HideSolutionNode = FALSE
	EndGlobalSection
	GlobalSection(ExtensibilityGlobals) = postSolution
		SolutionGuid = {92710C19-4CC9-43BF-8DA2-1C2532B23E76}
	EndGlobalSection
EndGlobal
