
Microsoft Visual Studio Solution File, Format Version 12.00
# Visual Studio Version 17
VisualStudioVersion = 17.7.34018.315
MinimumVisualStudioVersion = 10.0.40219.1
Project("{9A19103F-16F7-4668-BE54-9A1E7A4F7556}") = "Locadora.API", "Locadora.API\Locadora.API.csproj", "{AC0E3FE8-9C49-4539-A6A8-1D572EDA2EA0}"
EndProject
Global
	GlobalSection(SolutionConfigurationPlatforms) = preSolution
		Debug|Any CPU = Debug|Any CPU
		Release|Any CPU = Release|Any CPU
	EndGlobalSection
	GlobalSection(ProjectConfigurationPlatforms) = postSolution
		{AC0E3FE8-9C49-4539-A6A8-1D572EDA2EA0}.Debug|Any CPU.ActiveCfg = Debug|Any CPU
		{AC0E3FE8-9C49-4539-A6A8-1D572EDA2EA0}.Debug|Any CPU.Build.0 = Debug|Any CPU
		{AC0E3FE8-9C49-4539-A6A8-1D572EDA2EA0}.Release|Any CPU.ActiveCfg = Release|Any CPU
		{AC0E3FE8-9C49-4539-A6A8-1D572EDA2EA0}.Release|Any CPU.Build.0 = Release|Any CPU
	EndGlobalSection
	GlobalSection(SolutionProperties) = preSolution
		HideSolutionNode = FALSE
	EndGlobalSection
	GlobalSection(ExtensibilityGlobals) = postSolution
		SolutionGuid = {92710C19-4CC9-43BF-8DA2-1C2532B23E76}
	EndGlobalSection
EndGlobal
